
Microsoft Visual Studio Solution File, Format Version 12.00
# Visual Studio 15
Project("{FAE04EC0-301F-11D3-BF4B-00C04F79EFBC}") = "Meta.WitAi.Conduit", "Meta.WitAi.Conduit.csproj", "{689E99B2-4092-4791-8919-E0DAE9AF5E98}"
EndProject
Project("{FAE04EC0-301F-11D3-BF4B-00C04F79EFBC}") = "Oculus.Platform", "Oculus.Platform.csproj", "{5B1B904E-6DAF-F063-DC6E-6BD8A31D93ED}"
EndProject
Project("{FAE04EC0-301F-11D3-BF4B-00C04F79EFBC}") = "Assembly-CSharp", "Assembly-CSharp.csproj", "{FDEAC1D2-F0F3-21D4-413A-F63B9AFC1098}"
EndProject
Project("{FAE04EC0-301F-11D3-BF4B-00C04F79EFBC}") = "Oculus.Spatializer", "Oculus.Spatializer.csproj", "{FF6638C9-02EA-8DB5-696C-D421482245CD}"
EndProject
Project("{FAE04EC0-301F-11D3-BF4B-00C04F79EFBC}") = "Oculus.Interaction", "Oculus.Interaction.csproj", "{F974E3D9-33CC-2192-2A9F-D3A07CB2B51B}"
EndProject
Project("{FAE04EC0-301F-11D3-BF4B-00C04F79EFBC}") = "Meta.WitAi", "Meta.WitAi.csproj", "{BA8FCEF2-E741-204C-DAB1-4E2C77106723}"
EndProject
Project("{FAE04EC0-301F-11D3-BF4B-00C04F79EFBC}") = "Oculus.Interaction.OVR.Samples", "Oculus.Interaction.OVR.Samples.csproj", "{19211095-BCB1-31C5-77A8-5915E7413EA6}"
EndProject
Project("{FAE04EC0-301F-11D3-BF4B-00C04F79EFBC}") = "Oculus.VR", "Oculus.VR.csproj", "{17567451-C10C-C901-526B-D7FB52F31598}"
EndProject
Project("{FAE04EC0-301F-11D3-BF4B-00C04F79EFBC}") = "Meta.WitAi.TTS", "Meta.WitAi.TTS.csproj", "{5AA53F4A-3D95-8031-F766-05CF02B03044}"
EndProject
Project("{FAE04EC0-301F-11D3-BF4B-00C04F79EFBC}") = "VoiceSDK.Dictation.Runtime", "VoiceSDK.Dictation.Runtime.csproj", "{919AE4B7-FFAA-F941-ADB5-4E48614F6A87}"
EndProject
Project("{FAE04EC0-301F-11D3-BF4B-00C04F79EFBC}") = "Oculus.AudioManager", "Oculus.AudioManager.csproj", "{01CA269A-806D-94C9-6390-4D93AA9D7193}"
EndProject
Project("{FAE04EC0-301F-11D3-BF4B-00C04F79EFBC}") = "VoiceSDK.Runtime", "VoiceSDK.Runtime.csproj", "{EAE34BD2-C24C-136B-9E91-F05F7AFC6C63}"
EndProject
Project("{FAE04EC0-301F-11D3-BF4B-00C04F79EFBC}") = "Facebook.Wit.Dictation", "Facebook.Wit.Dictation.csproj", "{0781A425-C9C4-C61A-0232-6CE3B0504312}"
EndProject
Project("{FAE04EC0-301F-11D3-BF4B-00C04F79EFBC}") = "Meta.WitAi.Lib", "Meta.WitAi.Lib.csproj", "{F0438F28-AF33-F3A2-7844-D31B444080BB}"
EndProject
Project("{FAE04EC0-301F-11D3-BF4B-00C04F79EFBC}") = "Meta.WitAi.TTS.Samples", "Meta.WitAi.TTS.Samples.csproj", "{F6B2DD75-3696-C201-18DA-91B83224C118}"
EndProject
Project("{FAE04EC0-301F-11D3-BF4B-00C04F79EFBC}") = "Oculus.Voice.Demo", "Oculus.Voice.Demo.csproj", "{1E9FA154-C0B5-01D1-2814-568CC916F606}"
EndProject
Project("{FAE04EC0-301F-11D3-BF4B-00C04F79EFBC}") = "Oculus.Interaction.OVR", "Oculus.Interaction.OVR.csproj", "{909D750E-5F06-CC67-3BE0-8611BD6FB40A}"
EndProject
Project("{FAE04EC0-301F-11D3-BF4B-00C04F79EFBC}") = "AssistantCoreSDKRuntime", "AssistantCoreSDKRuntime.csproj", "{FDDE07D9-80AF-BC8A-2C61-B7F4D6FA436C}"
EndProject
Project("{FAE04EC0-301F-11D3-BF4B-00C04F79EFBC}") = "Oculus.LipSync", "Oculus.LipSync.csproj", "{9714FA74-3B96-F487-8359-9754EEE4A8D6}"
EndProject
Project("{FAE04EC0-301F-11D3-BF4B-00C04F79EFBC}") = "Meta.VoiceSDK.Mic.Other", "Meta.VoiceSDK.Mic.Other.csproj", "{B36B1599-8717-579A-B06B-960DBD166A33}"
EndProject
Project("{FAE04EC0-301F-11D3-BF4B-00C04F79EFBC}") = "Meta.VoiceSDK.Mic.Common", "Meta.VoiceSDK.Mic.Common.csproj", "{382BA94C-D410-F50E-0A1C-E8F5434378EB}"
EndProject
Project("{FAE04EC0-301F-11D3-BF4B-00C04F79EFBC}") = "Meta.WitAi.Editor", "Meta.WitAi.Editor.csproj", "{20790E77-8882-8973-6567-B0669BFD2E2E}"
EndProject
Project("{FAE04EC0-301F-11D3-BF4B-00C04F79EFBC}") = "Oculus.Interaction.Editor", "Oculus.Interaction.Editor.csproj", "{F0843322-82E3-B94D-F8D1-F8718CA8979A}"
EndProject
Project("{FAE04EC0-301F-11D3-BF4B-00C04F79EFBC}") = "Meta.WitAI.Lib.Editor", "Meta.WitAI.Lib.Editor.csproj", "{CE883AA6-3D86-B06A-A15D-34B32B91E443}"
EndProject
Project("{FAE04EC0-301F-11D3-BF4B-00C04F79EFBC}") = "Oculus.VR.Editor", "Oculus.VR.Editor.csproj", "{7F4E0CA9-8371-AA8A-DDB9-CB3F7233D88C}"
EndProject
Project("{FAE04EC0-301F-11D3-BF4B-00C04F79EFBC}") = "Meta.WitAi.Conduit.Editor", "Meta.WitAi.Conduit.Editor.csproj", "{6680BCB3-48E1-00CE-33CA-EADB4108A64C}"
EndProject
Project("{FAE04EC0-301F-11D3-BF4B-00C04F79EFBC}") = "Oculus.Interaction.OVR.Editor", "Oculus.Interaction.OVR.Editor.csproj", "{51CBEEE7-2CEF-F450-39FF-8D58A0EF854E}"
EndProject
Project("{FAE04EC0-301F-11D3-BF4B-00C04F79EFBC}") = "Assembly-CSharp-Editor", "Assembly-CSharp-Editor.csproj", "{383F31D0-6A4F-0011-E95E-9C414C0DD5D7}"
EndProject
Project("{FAE04EC0-301F-11D3-BF4B-00C04F79EFBC}") = "Oculus.Interaction.Samples.Editor", "Oculus.Interaction.Samples.Editor.csproj", "{8A305B61-576E-C236-F545-7486011A684B}"
EndProject
Project("{FAE04EC0-301F-11D3-BF4B-00C04F79EFBC}") = "Oculus.VR.Scripts.Editor", "Oculus.VR.Scripts.Editor.csproj", "{99A67A97-9D8D-9829-7C81-98244464BE37}"
EndProject
Project("{FAE04EC0-301F-11D3-BF4B-00C04F79EFBC}") = "VoiceSDK.Editor", "VoiceSDK.Editor.csproj", "{AAE57E3B-91C7-B22F-A51E-16D1ABD7F2C5}"
EndProject
Project("{FAE04EC0-301F-11D3-BF4B-00C04F79EFBC}") = "Oculus.Spatializer.Editor", "Oculus.Spatializer.Editor.csproj", "{02D3C55D-D7EC-D96E-B70F-1483052EEA12}"
EndProject
Project("{FAE04EC0-301F-11D3-BF4B-00C04F79EFBC}") = "Meta.WitAi.TTS.Editor", "Meta.WitAi.TTS.Editor.csproj", "{B47E7DC4-F82A-3881-ECE7-ED095343FB66}"
EndProject
Project("{FAE04EC0-301F-11D3-BF4B-00C04F79EFBC}") = "Facebook.Wit.Dictation.Editor", "Facebook.Wit.Dictation.Editor.csproj", "{9CB5E4BA-1563-5742-E759-420A184FB8BE}"
EndProject
Project("{FAE04EC0-301F-11D3-BF4B-00C04F79EFBC}") = "VoiceSDK.Dictation.Editor", "VoiceSDK.Dictation.Editor.csproj", "{8C48F5D8-C667-604C-73BB-33117A369B73}"
EndProject
Project("{FAE04EC0-301F-11D3-BF4B-00C04F79EFBC}") = "Oculus.Platform.Editor", "Oculus.Platform.Editor.csproj", "{BC58045D-355C-D687-2C84-1F917C3C980D}"
EndProject
Project("{FAE04EC0-301F-11D3-BF4B-00C04F79EFBC}") = "Oculus.AudioManager.Audio.Editor", "Oculus.AudioManager.Audio.Editor.csproj", "{F5A84118-A5B0-24BD-5D68-BFC93D1C58C3}"
EndProject
Project("{FAE04EC0-301F-11D3-BF4B-00C04F79EFBC}") = "Oculus.Interaction.InterfaceSupport", "Oculus.Interaction.InterfaceSupport.csproj", "{3CE5F3AA-587A-8D28-A803-DAECC630030F}"
EndProject
Project("{FAE04EC0-301F-11D3-BF4B-00C04F79EFBC}") = "Oculus.LipSync.Editor", "Oculus.LipSync.Editor.csproj", "{274B555C-99B5-B811-5588-D9240C5BE277}"
EndProject
Project("{FAE04EC0-301F-11D3-BF4B-00C04F79EFBC}") = "AssistantCoreSDKEditor", "AssistantCoreSDKEditor.csproj", "{81953D48-D0E5-AAA8-F807-287B55ADB3EC}"
EndProject
Project("{FAE04EC0-301F-11D3-BF4B-00C04F79EFBC}") = "Oculus.AudioManager.Utils.Editor", "Oculus.AudioManager.Utils.Editor.csproj", "{F06CA287-4588-3A81-85B4-0CDDE421E2C6}"
EndProject
Global
	GlobalSection(SolutionConfigurationPlatforms) = preSolution
		Debug|Any CPU = Debug|Any CPU
		Release|Any CPU = Release|Any CPU
	EndGlobalSection
	GlobalSection(ProjectConfigurationPlatforms) = postSolution
		{689E99B2-4092-4791-8919-E0DAE9AF5E98}.Debug|Any CPU.ActiveCfg = Debug|Any CPU
		{689E99B2-4092-4791-8919-E0DAE9AF5E98}.Debug|Any CPU.Build.0 = Debug|Any CPU
		{689E99B2-4092-4791-8919-E0DAE9AF5E98}.Release|Any CPU.ActiveCfg = Release|Any CPU
		{689E99B2-4092-4791-8919-E0DAE9AF5E98}.Release|Any CPU.Build.0 = Release|Any CPU
		{5B1B904E-6DAF-F063-DC6E-6BD8A31D93ED}.Debug|Any CPU.ActiveCfg = Debug|Any CPU
		{5B1B904E-6DAF-F063-DC6E-6BD8A31D93ED}.Debug|Any CPU.Build.0 = Debug|Any CPU
		{5B1B904E-6DAF-F063-DC6E-6BD8A31D93ED}.Release|Any CPU.ActiveCfg = Release|Any CPU
		{5B1B904E-6DAF-F063-DC6E-6BD8A31D93ED}.Release|Any CPU.Build.0 = Release|Any CPU
		{FDEAC1D2-F0F3-21D4-413A-F63B9AFC1098}.Debug|Any CPU.ActiveCfg = Debug|Any CPU
		{FDEAC1D2-F0F3-21D4-413A-F63B9AFC1098}.Debug|Any CPU.Build.0 = Debug|Any CPU
		{FDEAC1D2-F0F3-21D4-413A-F63B9AFC1098}.Release|Any CPU.ActiveCfg = Release|Any CPU
		{FDEAC1D2-F0F3-21D4-413A-F63B9AFC1098}.Release|Any CPU.Build.0 = Release|Any CPU
		{FF6638C9-02EA-8DB5-696C-D421482245CD}.Debug|Any CPU.ActiveCfg = Debug|Any CPU
		{FF6638C9-02EA-8DB5-696C-D421482245CD}.Debug|Any CPU.Build.0 = Debug|Any CPU
		{FF6638C9-02EA-8DB5-696C-D421482245CD}.Release|Any CPU.ActiveCfg = Release|Any CPU
		{FF6638C9-02EA-8DB5-696C-D421482245CD}.Release|Any CPU.Build.0 = Release|Any CPU
		{F974E3D9-33CC-2192-2A9F-D3A07CB2B51B}.Debug|Any CPU.ActiveCfg = Debug|Any CPU
		{F974E3D9-33CC-2192-2A9F-D3A07CB2B51B}.Debug|Any CPU.Build.0 = Debug|Any CPU
		{F974E3D9-33CC-2192-2A9F-D3A07CB2B51B}.Release|Any CPU.ActiveCfg = Release|Any CPU
		{F974E3D9-33CC-2192-2A9F-D3A07CB2B51B}.Release|Any CPU.Build.0 = Release|Any CPU
		{BA8FCEF2-E741-204C-DAB1-4E2C77106723}.Debug|Any CPU.ActiveCfg = Debug|Any CPU
		{BA8FCEF2-E741-204C-DAB1-4E2C77106723}.Debug|Any CPU.Build.0 = Debug|Any CPU
		{BA8FCEF2-E741-204C-DAB1-4E2C77106723}.Release|Any CPU.ActiveCfg = Release|Any CPU
		{BA8FCEF2-E741-204C-DAB1-4E2C77106723}.Release|Any CPU.Build.0 = Release|Any CPU
		{19211095-BCB1-31C5-77A8-5915E7413EA6}.Debug|Any CPU.ActiveCfg = Debug|Any CPU
		{19211095-BCB1-31C5-77A8-5915E7413EA6}.Debug|Any CPU.Build.0 = Debug|Any CPU
		{19211095-BCB1-31C5-77A8-5915E7413EA6}.Release|Any CPU.ActiveCfg = Release|Any CPU
		{19211095-BCB1-31C5-77A8-5915E7413EA6}.Release|Any CPU.Build.0 = Release|Any CPU
		{17567451-C10C-C901-526B-D7FB52F31598}.Debug|Any CPU.ActiveCfg = Debug|Any CPU
		{17567451-C10C-C901-526B-D7FB52F31598}.Debug|Any CPU.Build.0 = Debug|Any CPU
		{17567451-C10C-C901-526B-D7FB52F31598}.Release|Any CPU.ActiveCfg = Release|Any CPU
		{17567451-C10C-C901-526B-D7FB52F31598}.Release|Any CPU.Build.0 = Release|Any CPU
		{5AA53F4A-3D95-8031-F766-05CF02B03044}.Debug|Any CPU.ActiveCfg = Debug|Any CPU
		{5AA53F4A-3D95-8031-F766-05CF02B03044}.Debug|Any CPU.Build.0 = Debug|Any CPU
		{5AA53F4A-3D95-8031-F766-05CF02B03044}.Release|Any CPU.ActiveCfg = Release|Any CPU
		{5AA53F4A-3D95-8031-F766-05CF02B03044}.Release|Any CPU.Build.0 = Release|Any CPU
		{919AE4B7-FFAA-F941-ADB5-4E48614F6A87}.Debug|Any CPU.ActiveCfg = Debug|Any CPU
		{919AE4B7-FFAA-F941-ADB5-4E48614F6A87}.Debug|Any CPU.Build.0 = Debug|Any CPU
		{919AE4B7-FFAA-F941-ADB5-4E48614F6A87}.Release|Any CPU.ActiveCfg = Release|Any CPU
		{919AE4B7-FFAA-F941-ADB5-4E48614F6A87}.Release|Any CPU.Build.0 = Release|Any CPU
		{01CA269A-806D-94C9-6390-4D93AA9D7193}.Debug|Any CPU.ActiveCfg = Debug|Any CPU
		{01CA269A-806D-94C9-6390-4D93AA9D7193}.Debug|Any CPU.Build.0 = Debug|Any CPU
		{01CA269A-806D-94C9-6390-4D93AA9D7193}.Release|Any CPU.ActiveCfg = Release|Any CPU
		{01CA269A-806D-94C9-6390-4D93AA9D7193}.Release|Any CPU.Build.0 = Release|Any CPU
		{EAE34BD2-C24C-136B-9E91-F05F7AFC6C63}.Debug|Any CPU.ActiveCfg = Debug|Any CPU
		{EAE34BD2-C24C-136B-9E91-F05F7AFC6C63}.Debug|Any CPU.Build.0 = Debug|Any CPU
		{EAE34BD2-C24C-136B-9E91-F05F7AFC6C63}.Release|Any CPU.ActiveCfg = Release|Any CPU
		{EAE34BD2-C24C-136B-9E91-F05F7AFC6C63}.Release|Any CPU.Build.0 = Release|Any CPU
		{0781A425-C9C4-C61A-0232-6CE3B0504312}.Debug|Any CPU.ActiveCfg = Debug|Any CPU
		{0781A425-C9C4-C61A-0232-6CE3B0504312}.Debug|Any CPU.Build.0 = Debug|Any CPU
		{0781A425-C9C4-C61A-0232-6CE3B0504312}.Release|Any CPU.ActiveCfg = Release|Any CPU
		{0781A425-C9C4-C61A-0232-6CE3B0504312}.Release|Any CPU.Build.0 = Release|Any CPU
		{F0438F28-AF33-F3A2-7844-D31B444080BB}.Debug|Any CPU.ActiveCfg = Debug|Any CPU
		{F0438F28-AF33-F3A2-7844-D31B444080BB}.Debug|Any CPU.Build.0 = Debug|Any CPU
		{F0438F28-AF33-F3A2-7844-D31B444080BB}.Release|Any CPU.ActiveCfg = Release|Any CPU
		{F0438F28-AF33-F3A2-7844-D31B444080BB}.Release|Any CPU.Build.0 = Release|Any CPU
		{F6B2DD75-3696-C201-18DA-91B83224C118}.Debug|Any CPU.ActiveCfg = Debug|Any CPU
		{F6B2DD75-3696-C201-18DA-91B83224C118}.Debug|Any CPU.Build.0 = Debug|Any CPU
		{F6B2DD75-3696-C201-18DA-91B83224C118}.Release|Any CPU.ActiveCfg = Release|Any CPU
		{F6B2DD75-3696-C201-18DA-91B83224C118}.Release|Any CPU.Build.0 = Release|Any CPU
		{1E9FA154-C0B5-01D1-2814-568CC916F606}.Debug|Any CPU.ActiveCfg = Debug|Any CPU
		{1E9FA154-C0B5-01D1-2814-568CC916F606}.Debug|Any CPU.Build.0 = Debug|Any CPU
		{1E9FA154-C0B5-01D1-2814-568CC916F606}.Release|Any CPU.ActiveCfg = Release|Any CPU
		{1E9FA154-C0B5-01D1-2814-568CC916F606}.Release|Any CPU.Build.0 = Release|Any CPU
		{909D750E-5F06-CC67-3BE0-8611BD6FB40A}.Debug|Any CPU.ActiveCfg = Debug|Any CPU
		{909D750E-5F06-CC67-3BE0-8611BD6FB40A}.Debug|Any CPU.Build.0 = Debug|Any CPU
		{909D750E-5F06-CC67-3BE0-8611BD6FB40A}.Release|Any CPU.ActiveCfg = Release|Any CPU
		{909D750E-5F06-CC67-3BE0-8611BD6FB40A}.Release|Any CPU.Build.0 = Release|Any CPU
		{FDDE07D9-80AF-BC8A-2C61-B7F4D6FA436C}.Debug|Any CPU.ActiveCfg = Debug|Any CPU
		{FDDE07D9-80AF-BC8A-2C61-B7F4D6FA436C}.Debug|Any CPU.Build.0 = Debug|Any CPU
		{FDDE07D9-80AF-BC8A-2C61-B7F4D6FA436C}.Release|Any CPU.ActiveCfg = Release|Any CPU
		{FDDE07D9-80AF-BC8A-2C61-B7F4D6FA436C}.Release|Any CPU.Build.0 = Release|Any CPU
		{9714FA74-3B96-F487-8359-9754EEE4A8D6}.Debug|Any CPU.ActiveCfg = Debug|Any CPU
		{9714FA74-3B96-F487-8359-9754EEE4A8D6}.Debug|Any CPU.Build.0 = Debug|Any CPU
		{9714FA74-3B96-F487-8359-9754EEE4A8D6}.Release|Any CPU.ActiveCfg = Release|Any CPU
		{9714FA74-3B96-F487-8359-9754EEE4A8D6}.Release|Any CPU.Build.0 = Release|Any CPU
		{B36B1599-8717-579A-B06B-960DBD166A33}.Debug|Any CPU.ActiveCfg = Debug|Any CPU
		{B36B1599-8717-579A-B06B-960DBD166A33}.Debug|Any CPU.Build.0 = Debug|Any CPU
		{B36B1599-8717-579A-B06B-960DBD166A33}.Release|Any CPU.ActiveCfg = Release|Any CPU
		{B36B1599-8717-579A-B06B-960DBD166A33}.Release|Any CPU.Build.0 = Release|Any CPU
		{382BA94C-D410-F50E-0A1C-E8F5434378EB}.Debug|Any CPU.ActiveCfg = Debug|Any CPU
		{382BA94C-D410-F50E-0A1C-E8F5434378EB}.Debug|Any CPU.Build.0 = Debug|Any CPU
		{382BA94C-D410-F50E-0A1C-E8F5434378EB}.Release|Any CPU.ActiveCfg = Release|Any CPU
		{382BA94C-D410-F50E-0A1C-E8F5434378EB}.Release|Any CPU.Build.0 = Release|Any CPU
		{20790E77-8882-8973-6567-B0669BFD2E2E}.Debug|Any CPU.ActiveCfg = Debug|Any CPU
		{20790E77-8882-8973-6567-B0669BFD2E2E}.Debug|Any CPU.Build.0 = Debug|Any CPU
		{20790E77-8882-8973-6567-B0669BFD2E2E}.Release|Any CPU.ActiveCfg = Release|Any CPU
		{20790E77-8882-8973-6567-B0669BFD2E2E}.Release|Any CPU.Build.0 = Release|Any CPU
		{F0843322-82E3-B94D-F8D1-F8718CA8979A}.Debug|Any CPU.ActiveCfg = Debug|Any CPU
		{F0843322-82E3-B94D-F8D1-F8718CA8979A}.Debug|Any CPU.Build.0 = Debug|Any CPU
		{F0843322-82E3-B94D-F8D1-F8718CA8979A}.Release|Any CPU.ActiveCfg = Release|Any CPU
		{F0843322-82E3-B94D-F8D1-F8718CA8979A}.Release|Any CPU.Build.0 = Release|Any CPU
		{CE883AA6-3D86-B06A-A15D-34B32B91E443}.Debug|Any CPU.ActiveCfg = Debug|Any CPU
		{CE883AA6-3D86-B06A-A15D-34B32B91E443}.Debug|Any CPU.Build.0 = Debug|Any CPU
		{CE883AA6-3D86-B06A-A15D-34B32B91E443}.Release|Any CPU.ActiveCfg = Release|Any CPU
		{CE883AA6-3D86-B06A-A15D-34B32B91E443}.Release|Any CPU.Build.0 = Release|Any CPU
		{7F4E0CA9-8371-AA8A-DDB9-CB3F7233D88C}.Debug|Any CPU.ActiveCfg = Debug|Any CPU
		{7F4E0CA9-8371-AA8A-DDB9-CB3F7233D88C}.Debug|Any CPU.Build.0 = Debug|Any CPU
		{7F4E0CA9-8371-AA8A-DDB9-CB3F7233D88C}.Release|Any CPU.ActiveCfg = Release|Any CPU
		{7F4E0CA9-8371-AA8A-DDB9-CB3F7233D88C}.Release|Any CPU.Build.0 = Release|Any CPU
		{6680BCB3-48E1-00CE-33CA-EADB4108A64C}.Debug|Any CPU.ActiveCfg = Debug|Any CPU
		{6680BCB3-48E1-00CE-33CA-EADB4108A64C}.Debug|Any CPU.Build.0 = Debug|Any CPU
		{6680BCB3-48E1-00CE-33CA-EADB4108A64C}.Release|Any CPU.ActiveCfg = Release|Any CPU
		{6680BCB3-48E1-00CE-33CA-EADB4108A64C}.Release|Any CPU.Build.0 = Release|Any CPU
		{51CBEEE7-2CEF-F450-39FF-8D58A0EF854E}.Debug|Any CPU.ActiveCfg = Debug|Any CPU
		{51CBEEE7-2CEF-F450-39FF-8D58A0EF854E}.Debug|Any CPU.Build.0 = Debug|Any CPU
		{51CBEEE7-2CEF-F450-39FF-8D58A0EF854E}.Release|Any CPU.ActiveCfg = Release|Any CPU
		{51CBEEE7-2CEF-F450-39FF-8D58A0EF854E}.Release|Any CPU.Build.0 = Release|Any CPU
		{383F31D0-6A4F-0011-E95E-9C414C0DD5D7}.Debug|Any CPU.ActiveCfg = Debug|Any CPU
		{383F31D0-6A4F-0011-E95E-9C414C0DD5D7}.Debug|Any CPU.Build.0 = Debug|Any CPU
		{383F31D0-6A4F-0011-E95E-9C414C0DD5D7}.Release|Any CPU.ActiveCfg = Release|Any CPU
		{383F31D0-6A4F-0011-E95E-9C414C0DD5D7}.Release|Any CPU.Build.0 = Release|Any CPU
		{8A305B61-576E-C236-F545-7486011A684B}.Debug|Any CPU.ActiveCfg = Debug|Any CPU
		{8A305B61-576E-C236-F545-7486011A684B}.Debug|Any CPU.Build.0 = Debug|Any CPU
		{8A305B61-576E-C236-F545-7486011A684B}.Release|Any CPU.ActiveCfg = Release|Any CPU
		{8A305B61-576E-C236-F545-7486011A684B}.Release|Any CPU.Build.0 = Release|Any CPU
		{99A67A97-9D8D-9829-7C81-98244464BE37}.Debug|Any CPU.ActiveCfg = Debug|Any CPU
		{99A67A97-9D8D-9829-7C81-98244464BE37}.Debug|Any CPU.Build.0 = Debug|Any CPU
		{99A67A97-9D8D-9829-7C81-98244464BE37}.Release|Any CPU.ActiveCfg = Release|Any CPU
		{99A67A97-9D8D-9829-7C81-98244464BE37}.Release|Any CPU.Build.0 = Release|Any CPU
		{AAE57E3B-91C7-B22F-A51E-16D1ABD7F2C5}.Debug|Any CPU.ActiveCfg = Debug|Any CPU
		{AAE57E3B-91C7-B22F-A51E-16D1ABD7F2C5}.Debug|Any CPU.Build.0 = Debug|Any CPU
		{AAE57E3B-91C7-B22F-A51E-16D1ABD7F2C5}.Release|Any CPU.ActiveCfg = Release|Any CPU
		{AAE57E3B-91C7-B22F-A51E-16D1ABD7F2C5}.Release|Any CPU.Build.0 = Release|Any CPU
		{02D3C55D-D7EC-D96E-B70F-1483052EEA12}.Debug|Any CPU.ActiveCfg = Debug|Any CPU
		{02D3C55D-D7EC-D96E-B70F-1483052EEA12}.Debug|Any CPU.Build.0 = Debug|Any CPU
		{02D3C55D-D7EC-D96E-B70F-1483052EEA12}.Release|Any CPU.ActiveCfg = Release|Any CPU
		{02D3C55D-D7EC-D96E-B70F-1483052EEA12}.Release|Any CPU.Build.0 = Release|Any CPU
		{B47E7DC4-F82A-3881-ECE7-ED095343FB66}.Debug|Any CPU.ActiveCfg = Debug|Any CPU
		{B47E7DC4-F82A-3881-ECE7-ED095343FB66}.Debug|Any CPU.Build.0 = Debug|Any CPU
		{B47E7DC4-F82A-3881-ECE7-ED095343FB66}.Release|Any CPU.ActiveCfg = Release|Any CPU
		{B47E7DC4-F82A-3881-ECE7-ED095343FB66}.Release|Any CPU.Build.0 = Release|Any CPU
		{9CB5E4BA-1563-5742-E759-420A184FB8BE}.Debug|Any CPU.ActiveCfg = Debug|Any CPU
		{9CB5E4BA-1563-5742-E759-420A184FB8BE}.Debug|Any CPU.Build.0 = Debug|Any CPU
		{9CB5E4BA-1563-5742-E759-420A184FB8BE}.Release|Any CPU.ActiveCfg = Release|Any CPU
		{9CB5E4BA-1563-5742-E759-420A184FB8BE}.Release|Any CPU.Build.0 = Release|Any CPU
		{8C48F5D8-C667-604C-73BB-33117A369B73}.Debug|Any CPU.ActiveCfg = Debug|Any CPU
		{8C48F5D8-C667-604C-73BB-33117A369B73}.Debug|Any CPU.Build.0 = Debug|Any CPU
		{8C48F5D8-C667-604C-73BB-33117A369B73}.Release|Any CPU.ActiveCfg = Release|Any CPU
		{8C48F5D8-C667-604C-73BB-33117A369B73}.Release|Any CPU.Build.0 = Release|Any CPU
		{BC58045D-355C-D687-2C84-1F917C3C980D}.Debug|Any CPU.ActiveCfg = Debug|Any CPU
		{BC58045D-355C-D687-2C84-1F917C3C980D}.Debug|Any CPU.Build.0 = Debug|Any CPU
		{BC58045D-355C-D687-2C84-1F917C3C980D}.Release|Any CPU.ActiveCfg = Release|Any CPU
		{BC58045D-355C-D687-2C84-1F917C3C980D}.Release|Any CPU.Build.0 = Release|Any CPU
		{F5A84118-A5B0-24BD-5D68-BFC93D1C58C3}.Debug|Any CPU.ActiveCfg = Debug|Any CPU
		{F5A84118-A5B0-24BD-5D68-BFC93D1C58C3}.Debug|Any CPU.Build.0 = Debug|Any CPU
		{F5A84118-A5B0-24BD-5D68-BFC93D1C58C3}.Release|Any CPU.ActiveCfg = Release|Any CPU
		{F5A84118-A5B0-24BD-5D68-BFC93D1C58C3}.Release|Any CPU.Build.0 = Release|Any CPU
		{3CE5F3AA-587A-8D28-A803-DAECC630030F}.Debug|Any CPU.ActiveCfg = Debug|Any CPU
		{3CE5F3AA-587A-8D28-A803-DAECC630030F}.Debug|Any CPU.Build.0 = Debug|Any CPU
		{3CE5F3AA-587A-8D28-A803-DAECC630030F}.Release|Any CPU.ActiveCfg = Release|Any CPU
		{3CE5F3AA-587A-8D28-A803-DAECC630030F}.Release|Any CPU.Build.0 = Release|Any CPU
		{274B555C-99B5-B811-5588-D9240C5BE277}.Debug|Any CPU.ActiveCfg = Debug|Any CPU
		{274B555C-99B5-B811-5588-D9240C5BE277}.Debug|Any CPU.Build.0 = Debug|Any CPU
		{274B555C-99B5-B811-5588-D9240C5BE277}.Release|Any CPU.ActiveCfg = Release|Any CPU
		{274B555C-99B5-B811-5588-D9240C5BE277}.Release|Any CPU.Build.0 = Release|Any CPU
		{81953D48-D0E5-AAA8-F807-287B55ADB3EC}.Debug|Any CPU.ActiveCfg = Debug|Any CPU
		{81953D48-D0E5-AAA8-F807-287B55ADB3EC}.Debug|Any CPU.Build.0 = Debug|Any CPU
		{81953D48-D0E5-AAA8-F807-287B55ADB3EC}.Release|Any CPU.ActiveCfg = Release|Any CPU
		{81953D48-D0E5-AAA8-F807-287B55ADB3EC}.Release|Any CPU.Build.0 = Release|Any CPU
		{F06CA287-4588-3A81-85B4-0CDDE421E2C6}.Debug|Any CPU.ActiveCfg = Debug|Any CPU
		{F06CA287-4588-3A81-85B4-0CDDE421E2C6}.Debug|Any CPU.Build.0 = Debug|Any CPU
		{F06CA287-4588-3A81-85B4-0CDDE421E2C6}.Release|Any CPU.ActiveCfg = Release|Any CPU
		{F06CA287-4588-3A81-85B4-0CDDE421E2C6}.Release|Any CPU.Build.0 = Release|Any CPU
	EndGlobalSection
	GlobalSection(SolutionProperties) = preSolution
		HideSolutionNode = FALSE
	EndGlobalSection
EndGlobal
