
Microsoft Visual Studio Solution File, Format Version 12.00
# Visual Studio 15
Project("{FAE04EC0-301F-11D3-BF4B-00C04F79EFBC}") = "Meta.WitAi.Conduit", "Meta.WitAi.Conduit.csproj", "{6468BFF8-F687-CB93-43A4-CC9D1E88D5DC}"
EndProject
Project("{FAE04EC0-301F-11D3-BF4B-00C04F79EFBC}") = "Oculus.Platform", "Oculus.Platform.csproj", "{4914A8CB-7999-8FD6-AF2C-2099D669DE27}"
EndProject
Project("{FAE04EC0-301F-11D3-BF4B-00C04F79EFBC}") = "Assembly-CSharp", "Assembly-CSharp.csproj", "{310F1A17-26C8-4EF1-0EAC-FE81A3083DFF}"
EndProject
Project("{FAE04EC0-301F-11D3-BF4B-00C04F79EFBC}") = "Oculus.Spatializer", "Oculus.Spatializer.csproj", "{86FF341D-9B39-D964-EFDA-B5A10852BEF0}"
EndProject
Project("{FAE04EC0-301F-11D3-BF4B-00C04F79EFBC}") = "Oculus.Interaction", "Oculus.Interaction.csproj", "{08A6344C-9912-BBA7-D9D9-1C9D1BB43377}"
EndProject
Project("{FAE04EC0-301F-11D3-BF4B-00C04F79EFBC}") = "Meta.WitAi", "Meta.WitAi.csproj", "{A3DA7999-9EE4-5FBF-A973-2385A5FC4728}"
EndProject
Project("{FAE04EC0-301F-11D3-BF4B-00C04F79EFBC}") = "Oculus.Interaction.OVR.Samples", "Oculus.Interaction.OVR.Samples.csproj", "{0F93C15F-349C-FDF2-2943-0C28681FC21F}"
EndProject
Project("{FAE04EC0-301F-11D3-BF4B-00C04F79EFBC}") = "Oculus.VR", "Oculus.VR.csproj", "{0E3FBCA5-D0C4-AB36-71D6-7EC38E99C7F9}"
EndProject
Project("{FAE04EC0-301F-11D3-BF4B-00C04F79EFBC}") = "Meta.WitAi.TTS", "Meta.WitAi.TTS.csproj", "{0D9B7AEA-B92B-8C95-2D63-6D4E909A8A30}"
EndProject
Project("{FAE04EC0-301F-11D3-BF4B-00C04F79EFBC}") = "VoiceSDK.Dictation.Runtime", "VoiceSDK.Dictation.Runtime.csproj", "{864609CB-0DBA-370E-9FD5-4EC3D01D3007}"
EndProject
Project("{FAE04EC0-301F-11D3-BF4B-00C04F79EFBC}") = "Oculus.AudioManager", "Oculus.AudioManager.csproj", "{BCB5532E-D175-1DB0-CA48-7CB7648ED2F8}"
EndProject
Project("{FAE04EC0-301F-11D3-BF4B-00C04F79EFBC}") = "VoiceSDK.Runtime", "VoiceSDK.Runtime.csproj", "{4E88AF7B-F253-6B9A-C6F5-6979358ABB66}"
EndProject
Project("{FAE04EC0-301F-11D3-BF4B-00C04F79EFBC}") = "Facebook.Wit.Dictation", "Facebook.Wit.Dictation.csproj", "{8406F3A8-2292-6167-2B14-ACC25E76BB40}"
EndProject
Project("{FAE04EC0-301F-11D3-BF4B-00C04F79EFBC}") = "Meta.WitAi.Lib", "Meta.WitAi.Lib.csproj", "{F94F0A22-7837-E0C7-8AA1-7DC36CF620B8}"
EndProject
Project("{FAE04EC0-301F-11D3-BF4B-00C04F79EFBC}") = "Meta.WitAi.TTS.Samples", "Meta.WitAi.TTS.Samples.csproj", "{17154201-F495-1E5D-C86F-C98CF5804606}"
EndProject
Project("{FAE04EC0-301F-11D3-BF4B-00C04F79EFBC}") = "Oculus.Voice.Demo", "Oculus.Voice.Demo.csproj", "{68833287-1C7E-2306-2DA6-D133C45AF37C}"
EndProject
Project("{FAE04EC0-301F-11D3-BF4B-00C04F79EFBC}") = "Oculus.Interaction.OVR", "Oculus.Interaction.OVR.csproj", "{922EA764-6F08-607B-B7BE-FC72E3928466}"
EndProject
Project("{FAE04EC0-301F-11D3-BF4B-00C04F79EFBC}") = "AssistantCoreSDKRuntime", "AssistantCoreSDKRuntime.csproj", "{E4E00754-CAF1-EA55-B2EF-80A3078D4A9B}"
EndProject
Project("{FAE04EC0-301F-11D3-BF4B-00C04F79EFBC}") = "Oculus.LipSync", "Oculus.LipSync.csproj", "{E72F1F46-2332-ED8C-CCDA-F3A20BCE4F00}"
EndProject
Project("{FAE04EC0-301F-11D3-BF4B-00C04F79EFBC}") = "Meta.VoiceSDK.Mic.Other", "Meta.VoiceSDK.Mic.Other.csproj", "{FF6B5A0F-7AD2-2695-ACF7-B52337A82F7D}"
EndProject
Project("{FAE04EC0-301F-11D3-BF4B-00C04F79EFBC}") = "Meta.VoiceSDK.Mic.Common", "Meta.VoiceSDK.Mic.Common.csproj", "{242E4EF9-D8D7-8E51-61F3-488F5D3725A4}"
EndProject
Project("{FAE04EC0-301F-11D3-BF4B-00C04F79EFBC}") = "Meta.WitAi.Editor", "Meta.WitAi.Editor.csproj", "{9B60F1A5-A083-D898-D77C-17C6EEB02C90}"
EndProject
Project("{FAE04EC0-301F-11D3-BF4B-00C04F79EFBC}") = "Oculus.Interaction.Editor", "Oculus.Interaction.Editor.csproj", "{0C627080-D64D-DE86-9369-F0E0EC298111}"
EndProject
Project("{FAE04EC0-301F-11D3-BF4B-00C04F79EFBC}") = "Meta.WitAI.Lib.Editor", "Meta.WitAI.Lib.Editor.csproj", "{562E6E11-9A5A-9C25-1C99-0E09D1AAF5DC}"
EndProject
Project("{FAE04EC0-301F-11D3-BF4B-00C04F79EFBC}") = "Oculus.VR.Editor", "Oculus.VR.Editor.csproj", "{E75AE2AF-88A0-E9BA-6B8D-5863F1073D53}"
EndProject
Project("{FAE04EC0-301F-11D3-BF4B-00C04F79EFBC}") = "Meta.WitAi.Conduit.Editor", "Meta.WitAi.Conduit.Editor.csproj", "{A2C4FFF6-B38A-374B-1172-9EF1C5F40D5D}"
EndProject
Project("{FAE04EC0-301F-11D3-BF4B-00C04F79EFBC}") = "Oculus.Interaction.OVR.Editor", "Oculus.Interaction.OVR.Editor.csproj", "{AF2D9F6E-711F-2E59-3C2A-AF44842F18DB}"
EndProject
Project("{FAE04EC0-301F-11D3-BF4B-00C04F79EFBC}") = "Assembly-CSharp-Editor", "Assembly-CSharp-Editor.csproj", "{3DD0FF99-7C10-96D1-5DDC-3EFF08D5E467}"
EndProject
Project("{FAE04EC0-301F-11D3-BF4B-00C04F79EFBC}") = "Oculus.Interaction.Samples.Editor", "Oculus.Interaction.Samples.Editor.csproj", "{9944C0B8-3C7F-3795-A088-5EFDB534150B}"
EndProject
Project("{FAE04EC0-301F-11D3-BF4B-00C04F79EFBC}") = "Oculus.VR.Scripts.Editor", "Oculus.VR.Scripts.Editor.csproj", "{F4537CA5-07B9-0A59-0EC0-D93849F3C3E5}"
EndProject
Project("{FAE04EC0-301F-11D3-BF4B-00C04F79EFBC}") = "VoiceSDK.Editor", "VoiceSDK.Editor.csproj", "{5AF10F34-2121-29A2-13F8-DA003AE61503}"
EndProject
Project("{FAE04EC0-301F-11D3-BF4B-00C04F79EFBC}") = "Oculus.Spatializer.Editor", "Oculus.Spatializer.Editor.csproj", "{07371157-ED7F-DFBF-96AB-E222B8D04E1B}"
EndProject
Project("{FAE04EC0-301F-11D3-BF4B-00C04F79EFBC}") = "Meta.WitAi.TTS.Editor", "Meta.WitAi.TTS.Editor.csproj", "{E08AE8C3-E15B-731F-7985-4CB116BF7FF2}"
EndProject
Project("{FAE04EC0-301F-11D3-BF4B-00C04F79EFBC}") = "Facebook.Wit.Dictation.Editor", "Facebook.Wit.Dictation.Editor.csproj", "{441C3AF4-3250-475A-FA29-55E82B311F6F}"
EndProject
Project("{FAE04EC0-301F-11D3-BF4B-00C04F79EFBC}") = "VoiceSDK.Dictation.Editor", "VoiceSDK.Dictation.Editor.csproj", "{EDEA167D-9AA8-5DF6-E289-97FAA09062F1}"
EndProject
Project("{FAE04EC0-301F-11D3-BF4B-00C04F79EFBC}") = "Oculus.Platform.Editor", "Oculus.Platform.Editor.csproj", "{FE8CA540-0B0A-E8F0-1455-005251160023}"
EndProject
Project("{FAE04EC0-301F-11D3-BF4B-00C04F79EFBC}") = "Oculus.AudioManager.Audio.Editor", "Oculus.AudioManager.Audio.Editor.csproj", "{904B7E96-6FCC-9481-A9AA-B3F4FD4B4A99}"
EndProject
Project("{FAE04EC0-301F-11D3-BF4B-00C04F79EFBC}") = "Oculus.Interaction.InterfaceSupport", "Oculus.Interaction.InterfaceSupport.csproj", "{09C67FE1-2FCD-EDB8-9157-2A833E2B48B1}"
EndProject
Project("{FAE04EC0-301F-11D3-BF4B-00C04F79EFBC}") = "Oculus.LipSync.Editor", "Oculus.LipSync.Editor.csproj", "{C325D7B8-4D7E-40EB-1D99-A5984B28BEF6}"
EndProject
Project("{FAE04EC0-301F-11D3-BF4B-00C04F79EFBC}") = "AssistantCoreSDKEditor", "AssistantCoreSDKEditor.csproj", "{B3884A83-064D-647D-B137-94E2010F65A1}"
EndProject
Project("{FAE04EC0-301F-11D3-BF4B-00C04F79EFBC}") = "Oculus.AudioManager.Utils.Editor", "Oculus.AudioManager.Utils.Editor.csproj", "{BD4635B9-2376-F6D6-6D0A-5F8A4830C529}"
EndProject
Global
	GlobalSection(SolutionConfigurationPlatforms) = preSolution
		Debug|Any CPU = Debug|Any CPU
		Release|Any CPU = Release|Any CPU
	EndGlobalSection
	GlobalSection(ProjectConfigurationPlatforms) = postSolution
		{6468BFF8-F687-CB93-43A4-CC9D1E88D5DC}.Debug|Any CPU.ActiveCfg = Debug|Any CPU
		{6468BFF8-F687-CB93-43A4-CC9D1E88D5DC}.Debug|Any CPU.Build.0 = Debug|Any CPU
		{6468BFF8-F687-CB93-43A4-CC9D1E88D5DC}.Release|Any CPU.ActiveCfg = Release|Any CPU
		{6468BFF8-F687-CB93-43A4-CC9D1E88D5DC}.Release|Any CPU.Build.0 = Release|Any CPU
		{4914A8CB-7999-8FD6-AF2C-2099D669DE27}.Debug|Any CPU.ActiveCfg = Debug|Any CPU
		{4914A8CB-7999-8FD6-AF2C-2099D669DE27}.Debug|Any CPU.Build.0 = Debug|Any CPU
		{4914A8CB-7999-8FD6-AF2C-2099D669DE27}.Release|Any CPU.ActiveCfg = Release|Any CPU
		{4914A8CB-7999-8FD6-AF2C-2099D669DE27}.Release|Any CPU.Build.0 = Release|Any CPU
		{310F1A17-26C8-4EF1-0EAC-FE81A3083DFF}.Debug|Any CPU.ActiveCfg = Debug|Any CPU
		{310F1A17-26C8-4EF1-0EAC-FE81A3083DFF}.Debug|Any CPU.Build.0 = Debug|Any CPU
		{310F1A17-26C8-4EF1-0EAC-FE81A3083DFF}.Release|Any CPU.ActiveCfg = Release|Any CPU
		{310F1A17-26C8-4EF1-0EAC-FE81A3083DFF}.Release|Any CPU.Build.0 = Release|Any CPU
		{86FF341D-9B39-D964-EFDA-B5A10852BEF0}.Debug|Any CPU.ActiveCfg = Debug|Any CPU
		{86FF341D-9B39-D964-EFDA-B5A10852BEF0}.Debug|Any CPU.Build.0 = Debug|Any CPU
		{86FF341D-9B39-D964-EFDA-B5A10852BEF0}.Release|Any CPU.ActiveCfg = Release|Any CPU
		{86FF341D-9B39-D964-EFDA-B5A10852BEF0}.Release|Any CPU.Build.0 = Release|Any CPU
		{08A6344C-9912-BBA7-D9D9-1C9D1BB43377}.Debug|Any CPU.ActiveCfg = Debug|Any CPU
		{08A6344C-9912-BBA7-D9D9-1C9D1BB43377}.Debug|Any CPU.Build.0 = Debug|Any CPU
		{08A6344C-9912-BBA7-D9D9-1C9D1BB43377}.Release|Any CPU.ActiveCfg = Release|Any CPU
		{08A6344C-9912-BBA7-D9D9-1C9D1BB43377}.Release|Any CPU.Build.0 = Release|Any CPU
		{A3DA7999-9EE4-5FBF-A973-2385A5FC4728}.Debug|Any CPU.ActiveCfg = Debug|Any CPU
		{A3DA7999-9EE4-5FBF-A973-2385A5FC4728}.Debug|Any CPU.Build.0 = Debug|Any CPU
		{A3DA7999-9EE4-5FBF-A973-2385A5FC4728}.Release|Any CPU.ActiveCfg = Release|Any CPU
		{A3DA7999-9EE4-5FBF-A973-2385A5FC4728}.Release|Any CPU.Build.0 = Release|Any CPU
		{0F93C15F-349C-FDF2-2943-0C28681FC21F}.Debug|Any CPU.ActiveCfg = Debug|Any CPU
		{0F93C15F-349C-FDF2-2943-0C28681FC21F}.Debug|Any CPU.Build.0 = Debug|Any CPU
		{0F93C15F-349C-FDF2-2943-0C28681FC21F}.Release|Any CPU.ActiveCfg = Release|Any CPU
		{0F93C15F-349C-FDF2-2943-0C28681FC21F}.Release|Any CPU.Build.0 = Release|Any CPU
		{0E3FBCA5-D0C4-AB36-71D6-7EC38E99C7F9}.Debug|Any CPU.ActiveCfg = Debug|Any CPU
		{0E3FBCA5-D0C4-AB36-71D6-7EC38E99C7F9}.Debug|Any CPU.Build.0 = Debug|Any CPU
		{0E3FBCA5-D0C4-AB36-71D6-7EC38E99C7F9}.Release|Any CPU.ActiveCfg = Release|Any CPU
		{0E3FBCA5-D0C4-AB36-71D6-7EC38E99C7F9}.Release|Any CPU.Build.0 = Release|Any CPU
		{0D9B7AEA-B92B-8C95-2D63-6D4E909A8A30}.Debug|Any CPU.ActiveCfg = Debug|Any CPU
		{0D9B7AEA-B92B-8C95-2D63-6D4E909A8A30}.Debug|Any CPU.Build.0 = Debug|Any CPU
		{0D9B7AEA-B92B-8C95-2D63-6D4E909A8A30}.Release|Any CPU.ActiveCfg = Release|Any CPU
		{0D9B7AEA-B92B-8C95-2D63-6D4E909A8A30}.Release|Any CPU.Build.0 = Release|Any CPU
		{864609CB-0DBA-370E-9FD5-4EC3D01D3007}.Debug|Any CPU.ActiveCfg = Debug|Any CPU
		{864609CB-0DBA-370E-9FD5-4EC3D01D3007}.Debug|Any CPU.Build.0 = Debug|Any CPU
		{864609CB-0DBA-370E-9FD5-4EC3D01D3007}.Release|Any CPU.ActiveCfg = Release|Any CPU
		{864609CB-0DBA-370E-9FD5-4EC3D01D3007}.Release|Any CPU.Build.0 = Release|Any CPU
		{BCB5532E-D175-1DB0-CA48-7CB7648ED2F8}.Debug|Any CPU.ActiveCfg = Debug|Any CPU
		{BCB5532E-D175-1DB0-CA48-7CB7648ED2F8}.Debug|Any CPU.Build.0 = Debug|Any CPU
		{BCB5532E-D175-1DB0-CA48-7CB7648ED2F8}.Release|Any CPU.ActiveCfg = Release|Any CPU
		{BCB5532E-D175-1DB0-CA48-7CB7648ED2F8}.Release|Any CPU.Build.0 = Release|Any CPU
		{4E88AF7B-F253-6B9A-C6F5-6979358ABB66}.Debug|Any CPU.ActiveCfg = Debug|Any CPU
		{4E88AF7B-F253-6B9A-C6F5-6979358ABB66}.Debug|Any CPU.Build.0 = Debug|Any CPU
		{4E88AF7B-F253-6B9A-C6F5-6979358ABB66}.Release|Any CPU.ActiveCfg = Release|Any CPU
		{4E88AF7B-F253-6B9A-C6F5-6979358ABB66}.Release|Any CPU.Build.0 = Release|Any CPU
		{8406F3A8-2292-6167-2B14-ACC25E76BB40}.Debug|Any CPU.ActiveCfg = Debug|Any CPU
		{8406F3A8-2292-6167-2B14-ACC25E76BB40}.Debug|Any CPU.Build.0 = Debug|Any CPU
		{8406F3A8-2292-6167-2B14-ACC25E76BB40}.Release|Any CPU.ActiveCfg = Release|Any CPU
		{8406F3A8-2292-6167-2B14-ACC25E76BB40}.Release|Any CPU.Build.0 = Release|Any CPU
		{F94F0A22-7837-E0C7-8AA1-7DC36CF620B8}.Debug|Any CPU.ActiveCfg = Debug|Any CPU
		{F94F0A22-7837-E0C7-8AA1-7DC36CF620B8}.Debug|Any CPU.Build.0 = Debug|Any CPU
		{F94F0A22-7837-E0C7-8AA1-7DC36CF620B8}.Release|Any CPU.ActiveCfg = Release|Any CPU
		{F94F0A22-7837-E0C7-8AA1-7DC36CF620B8}.Release|Any CPU.Build.0 = Release|Any CPU
		{17154201-F495-1E5D-C86F-C98CF5804606}.Debug|Any CPU.ActiveCfg = Debug|Any CPU
		{17154201-F495-1E5D-C86F-C98CF5804606}.Debug|Any CPU.Build.0 = Debug|Any CPU
		{17154201-F495-1E5D-C86F-C98CF5804606}.Release|Any CPU.ActiveCfg = Release|Any CPU
		{17154201-F495-1E5D-C86F-C98CF5804606}.Release|Any CPU.Build.0 = Release|Any CPU
		{68833287-1C7E-2306-2DA6-D133C45AF37C}.Debug|Any CPU.ActiveCfg = Debug|Any CPU
		{68833287-1C7E-2306-2DA6-D133C45AF37C}.Debug|Any CPU.Build.0 = Debug|Any CPU
		{68833287-1C7E-2306-2DA6-D133C45AF37C}.Release|Any CPU.ActiveCfg = Release|Any CPU
		{68833287-1C7E-2306-2DA6-D133C45AF37C}.Release|Any CPU.Build.0 = Release|Any CPU
		{922EA764-6F08-607B-B7BE-FC72E3928466}.Debug|Any CPU.ActiveCfg = Debug|Any CPU
		{922EA764-6F08-607B-B7BE-FC72E3928466}.Debug|Any CPU.Build.0 = Debug|Any CPU
		{922EA764-6F08-607B-B7BE-FC72E3928466}.Release|Any CPU.ActiveCfg = Release|Any CPU
		{922EA764-6F08-607B-B7BE-FC72E3928466}.Release|Any CPU.Build.0 = Release|Any CPU
		{E4E00754-CAF1-EA55-B2EF-80A3078D4A9B}.Debug|Any CPU.ActiveCfg = Debug|Any CPU
		{E4E00754-CAF1-EA55-B2EF-80A3078D4A9B}.Debug|Any CPU.Build.0 = Debug|Any CPU
		{E4E00754-CAF1-EA55-B2EF-80A3078D4A9B}.Release|Any CPU.ActiveCfg = Release|Any CPU
		{E4E00754-CAF1-EA55-B2EF-80A3078D4A9B}.Release|Any CPU.Build.0 = Release|Any CPU
		{E72F1F46-2332-ED8C-CCDA-F3A20BCE4F00}.Debug|Any CPU.ActiveCfg = Debug|Any CPU
		{E72F1F46-2332-ED8C-CCDA-F3A20BCE4F00}.Debug|Any CPU.Build.0 = Debug|Any CPU
		{E72F1F46-2332-ED8C-CCDA-F3A20BCE4F00}.Release|Any CPU.ActiveCfg = Release|Any CPU
		{E72F1F46-2332-ED8C-CCDA-F3A20BCE4F00}.Release|Any CPU.Build.0 = Release|Any CPU
		{FF6B5A0F-7AD2-2695-ACF7-B52337A82F7D}.Debug|Any CPU.ActiveCfg = Debug|Any CPU
		{FF6B5A0F-7AD2-2695-ACF7-B52337A82F7D}.Debug|Any CPU.Build.0 = Debug|Any CPU
		{FF6B5A0F-7AD2-2695-ACF7-B52337A82F7D}.Release|Any CPU.ActiveCfg = Release|Any CPU
		{FF6B5A0F-7AD2-2695-ACF7-B52337A82F7D}.Release|Any CPU.Build.0 = Release|Any CPU
		{242E4EF9-D8D7-8E51-61F3-488F5D3725A4}.Debug|Any CPU.ActiveCfg = Debug|Any CPU
		{242E4EF9-D8D7-8E51-61F3-488F5D3725A4}.Debug|Any CPU.Build.0 = Debug|Any CPU
		{242E4EF9-D8D7-8E51-61F3-488F5D3725A4}.Release|Any CPU.ActiveCfg = Release|Any CPU
		{242E4EF9-D8D7-8E51-61F3-488F5D3725A4}.Release|Any CPU.Build.0 = Release|Any CPU
		{9B60F1A5-A083-D898-D77C-17C6EEB02C90}.Debug|Any CPU.ActiveCfg = Debug|Any CPU
		{9B60F1A5-A083-D898-D77C-17C6EEB02C90}.Debug|Any CPU.Build.0 = Debug|Any CPU
		{9B60F1A5-A083-D898-D77C-17C6EEB02C90}.Release|Any CPU.ActiveCfg = Release|Any CPU
		{9B60F1A5-A083-D898-D77C-17C6EEB02C90}.Release|Any CPU.Build.0 = Release|Any CPU
		{0C627080-D64D-DE86-9369-F0E0EC298111}.Debug|Any CPU.ActiveCfg = Debug|Any CPU
		{0C627080-D64D-DE86-9369-F0E0EC298111}.Debug|Any CPU.Build.0 = Debug|Any CPU
		{0C627080-D64D-DE86-9369-F0E0EC298111}.Release|Any CPU.ActiveCfg = Release|Any CPU
		{0C627080-D64D-DE86-9369-F0E0EC298111}.Release|Any CPU.Build.0 = Release|Any CPU
		{562E6E11-9A5A-9C25-1C99-0E09D1AAF5DC}.Debug|Any CPU.ActiveCfg = Debug|Any CPU
		{562E6E11-9A5A-9C25-1C99-0E09D1AAF5DC}.Debug|Any CPU.Build.0 = Debug|Any CPU
		{562E6E11-9A5A-9C25-1C99-0E09D1AAF5DC}.Release|Any CPU.ActiveCfg = Release|Any CPU
		{562E6E11-9A5A-9C25-1C99-0E09D1AAF5DC}.Release|Any CPU.Build.0 = Release|Any CPU
		{E75AE2AF-88A0-E9BA-6B8D-5863F1073D53}.Debug|Any CPU.ActiveCfg = Debug|Any CPU
		{E75AE2AF-88A0-E9BA-6B8D-5863F1073D53}.Debug|Any CPU.Build.0 = Debug|Any CPU
		{E75AE2AF-88A0-E9BA-6B8D-5863F1073D53}.Release|Any CPU.ActiveCfg = Release|Any CPU
		{E75AE2AF-88A0-E9BA-6B8D-5863F1073D53}.Release|Any CPU.Build.0 = Release|Any CPU
		{A2C4FFF6-B38A-374B-1172-9EF1C5F40D5D}.Debug|Any CPU.ActiveCfg = Debug|Any CPU
		{A2C4FFF6-B38A-374B-1172-9EF1C5F40D5D}.Debug|Any CPU.Build.0 = Debug|Any CPU
		{A2C4FFF6-B38A-374B-1172-9EF1C5F40D5D}.Release|Any CPU.ActiveCfg = Release|Any CPU
		{A2C4FFF6-B38A-374B-1172-9EF1C5F40D5D}.Release|Any CPU.Build.0 = Release|Any CPU
		{AF2D9F6E-711F-2E59-3C2A-AF44842F18DB}.Debug|Any CPU.ActiveCfg = Debug|Any CPU
		{AF2D9F6E-711F-2E59-3C2A-AF44842F18DB}.Debug|Any CPU.Build.0 = Debug|Any CPU
		{AF2D9F6E-711F-2E59-3C2A-AF44842F18DB}.Release|Any CPU.ActiveCfg = Release|Any CPU
		{AF2D9F6E-711F-2E59-3C2A-AF44842F18DB}.Release|Any CPU.Build.0 = Release|Any CPU
		{3DD0FF99-7C10-96D1-5DDC-3EFF08D5E467}.Debug|Any CPU.ActiveCfg = Debug|Any CPU
		{3DD0FF99-7C10-96D1-5DDC-3EFF08D5E467}.Debug|Any CPU.Build.0 = Debug|Any CPU
		{3DD0FF99-7C10-96D1-5DDC-3EFF08D5E467}.Release|Any CPU.ActiveCfg = Release|Any CPU
		{3DD0FF99-7C10-96D1-5DDC-3EFF08D5E467}.Release|Any CPU.Build.0 = Release|Any CPU
		{9944C0B8-3C7F-3795-A088-5EFDB534150B}.Debug|Any CPU.ActiveCfg = Debug|Any CPU
		{9944C0B8-3C7F-3795-A088-5EFDB534150B}.Debug|Any CPU.Build.0 = Debug|Any CPU
		{9944C0B8-3C7F-3795-A088-5EFDB534150B}.Release|Any CPU.ActiveCfg = Release|Any CPU
		{9944C0B8-3C7F-3795-A088-5EFDB534150B}.Release|Any CPU.Build.0 = Release|Any CPU
		{F4537CA5-07B9-0A59-0EC0-D93849F3C3E5}.Debug|Any CPU.ActiveCfg = Debug|Any CPU
		{F4537CA5-07B9-0A59-0EC0-D93849F3C3E5}.Debug|Any CPU.Build.0 = Debug|Any CPU
		{F4537CA5-07B9-0A59-0EC0-D93849F3C3E5}.Release|Any CPU.ActiveCfg = Release|Any CPU
		{F4537CA5-07B9-0A59-0EC0-D93849F3C3E5}.Release|Any CPU.Build.0 = Release|Any CPU
		{5AF10F34-2121-29A2-13F8-DA003AE61503}.Debug|Any CPU.ActiveCfg = Debug|Any CPU
		{5AF10F34-2121-29A2-13F8-DA003AE61503}.Debug|Any CPU.Build.0 = Debug|Any CPU
		{5AF10F34-2121-29A2-13F8-DA003AE61503}.Release|Any CPU.ActiveCfg = Release|Any CPU
		{5AF10F34-2121-29A2-13F8-DA003AE61503}.Release|Any CPU.Build.0 = Release|Any CPU
		{07371157-ED7F-DFBF-96AB-E222B8D04E1B}.Debug|Any CPU.ActiveCfg = Debug|Any CPU
		{07371157-ED7F-DFBF-96AB-E222B8D04E1B}.Debug|Any CPU.Build.0 = Debug|Any CPU
		{07371157-ED7F-DFBF-96AB-E222B8D04E1B}.Release|Any CPU.ActiveCfg = Release|Any CPU
		{07371157-ED7F-DFBF-96AB-E222B8D04E1B}.Release|Any CPU.Build.0 = Release|Any CPU
		{E08AE8C3-E15B-731F-7985-4CB116BF7FF2}.Debug|Any CPU.ActiveCfg = Debug|Any CPU
		{E08AE8C3-E15B-731F-7985-4CB116BF7FF2}.Debug|Any CPU.Build.0 = Debug|Any CPU
		{E08AE8C3-E15B-731F-7985-4CB116BF7FF2}.Release|Any CPU.ActiveCfg = Release|Any CPU
		{E08AE8C3-E15B-731F-7985-4CB116BF7FF2}.Release|Any CPU.Build.0 = Release|Any CPU
		{441C3AF4-3250-475A-FA29-55E82B311F6F}.Debug|Any CPU.ActiveCfg = Debug|Any CPU
		{441C3AF4-3250-475A-FA29-55E82B311F6F}.Debug|Any CPU.Build.0 = Debug|Any CPU
		{441C3AF4-3250-475A-FA29-55E82B311F6F}.Release|Any CPU.ActiveCfg = Release|Any CPU
		{441C3AF4-3250-475A-FA29-55E82B311F6F}.Release|Any CPU.Build.0 = Release|Any CPU
		{EDEA167D-9AA8-5DF6-E289-97FAA09062F1}.Debug|Any CPU.ActiveCfg = Debug|Any CPU
		{EDEA167D-9AA8-5DF6-E289-97FAA09062F1}.Debug|Any CPU.Build.0 = Debug|Any CPU
		{EDEA167D-9AA8-5DF6-E289-97FAA09062F1}.Release|Any CPU.ActiveCfg = Release|Any CPU
		{EDEA167D-9AA8-5DF6-E289-97FAA09062F1}.Release|Any CPU.Build.0 = Release|Any CPU
		{FE8CA540-0B0A-E8F0-1455-005251160023}.Debug|Any CPU.ActiveCfg = Debug|Any CPU
		{FE8CA540-0B0A-E8F0-1455-005251160023}.Debug|Any CPU.Build.0 = Debug|Any CPU
		{FE8CA540-0B0A-E8F0-1455-005251160023}.Release|Any CPU.ActiveCfg = Release|Any CPU
		{FE8CA540-0B0A-E8F0-1455-005251160023}.Release|Any CPU.Build.0 = Release|Any CPU
		{904B7E96-6FCC-9481-A9AA-B3F4FD4B4A99}.Debug|Any CPU.ActiveCfg = Debug|Any CPU
		{904B7E96-6FCC-9481-A9AA-B3F4FD4B4A99}.Debug|Any CPU.Build.0 = Debug|Any CPU
		{904B7E96-6FCC-9481-A9AA-B3F4FD4B4A99}.Release|Any CPU.ActiveCfg = Release|Any CPU
		{904B7E96-6FCC-9481-A9AA-B3F4FD4B4A99}.Release|Any CPU.Build.0 = Release|Any CPU
		{09C67FE1-2FCD-EDB8-9157-2A833E2B48B1}.Debug|Any CPU.ActiveCfg = Debug|Any CPU
		{09C67FE1-2FCD-EDB8-9157-2A833E2B48B1}.Debug|Any CPU.Build.0 = Debug|Any CPU
		{09C67FE1-2FCD-EDB8-9157-2A833E2B48B1}.Release|Any CPU.ActiveCfg = Release|Any CPU
		{09C67FE1-2FCD-EDB8-9157-2A833E2B48B1}.Release|Any CPU.Build.0 = Release|Any CPU
		{C325D7B8-4D7E-40EB-1D99-A5984B28BEF6}.Debug|Any CPU.ActiveCfg = Debug|Any CPU
		{C325D7B8-4D7E-40EB-1D99-A5984B28BEF6}.Debug|Any CPU.Build.0 = Debug|Any CPU
		{C325D7B8-4D7E-40EB-1D99-A5984B28BEF6}.Release|Any CPU.ActiveCfg = Release|Any CPU
		{C325D7B8-4D7E-40EB-1D99-A5984B28BEF6}.Release|Any CPU.Build.0 = Release|Any CPU
		{B3884A83-064D-647D-B137-94E2010F65A1}.Debug|Any CPU.ActiveCfg = Debug|Any CPU
		{B3884A83-064D-647D-B137-94E2010F65A1}.Debug|Any CPU.Build.0 = Debug|Any CPU
		{B3884A83-064D-647D-B137-94E2010F65A1}.Release|Any CPU.ActiveCfg = Release|Any CPU
		{B3884A83-064D-647D-B137-94E2010F65A1}.Release|Any CPU.Build.0 = Release|Any CPU
		{BD4635B9-2376-F6D6-6D0A-5F8A4830C529}.Debug|Any CPU.ActiveCfg = Debug|Any CPU
		{BD4635B9-2376-F6D6-6D0A-5F8A4830C529}.Debug|Any CPU.Build.0 = Debug|Any CPU
		{BD4635B9-2376-F6D6-6D0A-5F8A4830C529}.Release|Any CPU.ActiveCfg = Release|Any CPU
		{BD4635B9-2376-F6D6-6D0A-5F8A4830C529}.Release|Any CPU.Build.0 = Release|Any CPU
	EndGlobalSection
	GlobalSection(SolutionProperties) = preSolution
		HideSolutionNode = FALSE
	EndGlobalSection
EndGlobal
